uuid: 536faa90-57e3-43ef-952c-ce73f9ff6f31
langcode: es
status: true
dependencies:
  config:
    - block_content.type.accesscontentblock
id: block_content.accesscontentblock
target_entity_type_id: block_content
target_bundle: accesscontentblock
default_langcode: site_default
language_alterable: false
