uuid: a11e8983-d962-4d26-bda7-9af98528b6f5
langcode: es
status: true
dependencies:
  config:
    - paragraphs.paragraphs_type.drupal_block
  module:
    - content_translation
third_party_settings:
  content_translation:
    enabled: true
    bundle_settings:
      untranslatable_fields_hide: '0'
id: paragraph.drupal_block
target_entity_type_id: paragraph
target_bundle: drupal_block
default_langcode: site_default
language_alterable: true
