uuid: 850fa12b-f947-4b31-b8f6-76071d4d5ea0
langcode: es
status: true
dependencies:
  config:
    - block_content.type.webform_block
  module:
    - content_translation
third_party_settings:
  content_translation:
    enabled: false
    bundle_settings:
      untranslatable_fields_hide: '0'
id: block_content.webform_block
target_entity_type_id: block_content
target_bundle: webform_block
default_langcode: site_default
language_alterable: false
