uuid: 5bd2f2a4-94c2-485a-9a2e-791008aaaeb2
langcode: es
status: true
dependencies:
  config:
    - block_content.type.buyer_block
  module:
    - content_translation
third_party_settings:
  content_translation:
    enabled: true
    bundle_settings:
      untranslatable_fields_hide: '0'
id: block_content.buyer_block
target_entity_type_id: block_content
target_bundle: buyer_block
default_langcode: site_default
language_alterable: true
