uuid: 36255a90-e94d-440f-ae38-fdbd39bcdbcd
langcode: es
status: true
dependencies:
  config:
    - core.entity_view_mode.node.full
    - field.storage.node.body
    - field.storage.node.field_accescontent_videotool
    - field.storage.node.field_accessconditioncontent_lin
    - field.storage.node.field_accessconditioncontent_nam
    - field.storage.node.field_accesscontent_logo
    - node.type.accessconditioncontent
  module:
    - ds
    - link
    - node
    - svg_image
    - text
    - video_embed_field
id: accesscontentviewblock
label: AccessContentViewBlock
module: views
description: ''
tag: ''
base_table: node_field_data
base_field: nid
display:
  default:
    id: default
    display_title: Default
    display_plugin: default
    position: 0
    display_options:
      title: AccessContentViewBlock
      fields:
        title:
          id: title
          table: node_field_data
          field: title
          relationship: none
          group_type: group
          admin_label: ''
          plugin_id: field
          label: ''
          exclude: false
          alter:
            alter_text: false
            text: ''
            make_link: false
            path: ''
            absolute: false
            external: false
            replace_spaces: false
            path_case: none
            trim_whitespace: false
            alt: ''
            rel: ''
            link_class: ''
            prefix: ''
            suffix: ''
            target: ''
            nl2br: false
            max_length: 0
            word_boundary: true
            ellipsis: true
            more_link: false
            more_link_text: ''
            more_link_path: ''
            strip_tags: false
            trim: false
            preserve_tags: ''
            html: false
          element_type: ''
          element_class: ''
          element_label_type: ''
          element_label_class: ''
          element_label_colon: true
          element_wrapper_type: ''
          element_wrapper_class: ''
          element_default_classes: true
          empty: ''
          hide_empty: false
          empty_zero: false
          hide_alter_empty: true
          click_sort_column: value
          type: string
          settings:
            link_to_entity: true
          group_column: value
          group_columns: {  }
          group_rows: true
          delta_limit: 0
          delta_offset: 0
          delta_reversed: false
          delta_first_last: false
          multi_type: separator
          separator: ', '
          field_api_classes: false
        body:
          id: body
          table: node__body
          field: body
          relationship: none
          group_type: group
          admin_label: ''
          plugin_id: field
          label: ''
          exclude: false
          alter:
            alter_text: false
            text: ''
            make_link: false
            path: ''
            absolute: false
            external: false
            replace_spaces: false
            path_case: none
            trim_whitespace: false
            alt: ''
            rel: ''
            link_class: ''
            prefix: ''
            suffix: ''
            target: ''
            nl2br: false
            max_length: 0
            word_boundary: true
            ellipsis: true
            more_link: false
            more_link_text: ''
            more_link_path: ''
            strip_tags: false
            trim: false
            preserve_tags: ''
            html: false
          element_type: ''
          element_class: ''
          element_label_type: ''
          element_label_class: ''
          element_label_colon: false
          element_wrapper_type: ''
          element_wrapper_class: ''
          element_default_classes: true
          empty: ''
          hide_empty: false
          empty_zero: false
          hide_alter_empty: true
          click_sort_column: value
          type: text_default
          settings: {  }
          group_column: value
          group_columns: {  }
          group_rows: true
          delta_limit: 0
          delta_offset: 0
          delta_reversed: false
          delta_first_last: false
          multi_type: separator
          separator: ', '
          field_api_classes: false
        field_accesscontent_logo:
          id: field_accesscontent_logo
          table: node__field_accesscontent_logo
          field: field_accesscontent_logo
          relationship: none
          group_type: group
          admin_label: ''
          plugin_id: field
          label: ''
          exclude: false
          alter:
            alter_text: false
            text: ''
            make_link: false
            path: ''
            absolute: false
            external: false
            replace_spaces: false
            path_case: none
            trim_whitespace: false
            alt: ''
            rel: ''
            link_class: ''
            prefix: ''
            suffix: ''
            target: ''
            nl2br: false
            max_length: 0
            word_boundary: true
            ellipsis: true
            more_link: false
            more_link_text: ''
            more_link_path: ''
            strip_tags: false
            trim: false
            preserve_tags: ''
            html: false
          element_type: ''
          element_class: ''
          element_label_type: ''
          element_label_class: ''
          element_label_colon: false
          element_wrapper_type: ''
          element_wrapper_class: ''
          element_default_classes: true
          empty: ''
          hide_empty: false
          empty_zero: false
          hide_alter_empty: true
          click_sort_column: target_id
          type: image
          settings:
            image_link: ''
            image_style: ''
            svg_attributes:
              width: null
              height: null
            svg_render_as_image: true
            image_loading:
              attribute: lazy
          group_column: ''
          group_columns: {  }
          group_rows: true
          delta_limit: 0
          delta_offset: 0
          delta_reversed: false
          delta_first_last: false
          multi_type: separator
          separator: ', '
          field_api_classes: false
        field_accescontent_videotool:
          id: field_accescontent_videotool
          table: node__field_accescontent_videotool
          field: field_accescontent_videotool
          relationship: none
          group_type: group
          admin_label: ''
          plugin_id: field
          label: ''
          exclude: false
          alter:
            alter_text: false
            text: ''
            make_link: false
            path: ''
            absolute: false
            external: false
            replace_spaces: false
            path_case: none
            trim_whitespace: false
            alt: ''
            rel: ''
            link_class: ''
            prefix: ''
            suffix: ''
            target: ''
            nl2br: false
            max_length: 0
            word_boundary: true
            ellipsis: true
            more_link: false
            more_link_text: ''
            more_link_path: ''
            strip_tags: false
            trim: false
            preserve_tags: ''
            html: false
          element_type: blockquote
          element_class: ''
          element_label_type: ''
          element_label_class: ''
          element_label_colon: false
          element_wrapper_type: ''
          element_wrapper_class: ''
          element_default_classes: true
          empty: ''
          hide_empty: false
          empty_zero: false
          hide_alter_empty: true
          click_sort_column: value
          type: video_embed_field_video
          settings:
            autoplay: true
            responsive: true
            width: 854
            height: 480
          group_column: value
          group_columns: {  }
          group_rows: true
          delta_limit: 0
          delta_offset: 0
          delta_reversed: false
          delta_first_last: false
          multi_type: separator
          separator: ', '
          field_api_classes: false
        field_accessconditioncontent_nam:
          id: field_accessconditioncontent_nam
          table: node__field_accessconditioncontent_nam
          field: field_accessconditioncontent_nam
          relationship: none
          group_type: group
          admin_label: ''
          plugin_id: field
          label: ''
          exclude: false
          alter:
            alter_text: false
            text: ''
            make_link: false
            path: ''
            absolute: false
            external: false
            replace_spaces: false
            path_case: none
            trim_whitespace: false
            alt: ''
            rel: ''
            link_class: ''
            prefix: ''
            suffix: ''
            target: ''
            nl2br: false
            max_length: 0
            word_boundary: true
            ellipsis: true
            more_link: false
            more_link_text: ''
            more_link_path: ''
            strip_tags: false
            trim: false
            preserve_tags: ''
            html: false
          element_type: ''
          element_class: ''
          element_label_type: ''
          element_label_class: ''
          element_label_colon: false
          element_wrapper_type: ''
          element_wrapper_class: ''
          element_default_classes: true
          empty: ''
          hide_empty: false
          empty_zero: false
          hide_alter_empty: true
          click_sort_column: value
          type: basic_string
          settings: {  }
          group_column: value
          group_columns: {  }
          group_rows: true
          delta_limit: 0
          delta_offset: 0
          delta_reversed: false
          delta_first_last: false
          multi_type: separator
          separator: ', '
          field_api_classes: false
        field_accessconditioncontent_lin:
          id: field_accessconditioncontent_lin
          table: node__field_accessconditioncontent_lin
          field: field_accessconditioncontent_lin
          relationship: none
          group_type: group
          admin_label: ''
          plugin_id: field
          label: ''
          exclude: false
          alter:
            alter_text: false
            text: ''
            make_link: false
            path: ''
            absolute: false
            external: false
            replace_spaces: false
            path_case: none
            trim_whitespace: false
            alt: ''
            rel: ''
            link_class: ''
            prefix: ''
            suffix: ''
            target: ''
            nl2br: false
            max_length: 0
            word_boundary: true
            ellipsis: true
            more_link: false
            more_link_text: ''
            more_link_path: ''
            strip_tags: false
            trim: false
            preserve_tags: ''
            html: false
          element_type: ''
          element_class: ''
          element_label_type: ''
          element_label_class: ''
          element_label_colon: false
          element_wrapper_type: ''
          element_wrapper_class: ''
          element_default_classes: true
          empty: ''
          hide_empty: false
          empty_zero: false
          hide_alter_empty: true
          click_sort_column: uri
          type: link
          settings:
            trim_length: 80
            url_only: false
            url_plain: false
            rel: '0'
            target: '0'
          group_column: ''
          group_columns: {  }
          group_rows: true
          delta_limit: 0
          delta_offset: 0
          delta_reversed: false
          delta_first_last: false
          multi_type: separator
          separator: ', '
          field_api_classes: false
      pager:
        type: some
        options:
          offset: 0
          items_per_page: 1
      exposed_form:
        type: basic
        options:
          submit_button: Aplicar
          reset_button: false
          reset_button_label: Reiniciar
          exposed_sorts_label: 'Ordenar por'
          expose_sort_order: true
          sort_asc_label: Asc
          sort_desc_label: Desc
      access:
        type: none
        options: {  }
      cache:
        type: tag
        options: {  }
      empty: {  }
      sorts:
        created:
          id: created
          table: node_field_data
          field: created
          relationship: none
          group_type: group
          admin_label: ''
          entity_type: node
          entity_field: created
          plugin_id: date
          order: DESC
          expose:
            label: ''
            field_identifier: ''
          exposed: false
          granularity: second
      arguments: {  }
      filters:
        status:
          id: status
          table: node_field_data
          field: status
          entity_type: node
          entity_field: status
          plugin_id: boolean
          value: '1'
          group: 1
          expose:
            operator: ''
            operator_limit_selection: false
            operator_list: {  }
        type:
          id: type
          table: node_field_data
          field: type
          entity_type: node
          entity_field: type
          plugin_id: bundle
          value:
            accessconditioncontent: accessconditioncontent
          expose:
            operator_limit_selection: false
            operator_list: {  }
      style:
        type: default
      row:
        type: 'ds_entity:node'
        options:
          relationship: none
          view_mode: full
          alternating_fieldset:
            alternating: false
            allpages: false
            item_0: teaser
          grouping_fieldset:
            group: false
            group_field: node_field_data|created
            group_field_function: ''
          advanced_fieldset:
            advanced: false
          delta_fieldset:
            delta_fields: {  }
      query:
        type: views_query
        options:
          query_comment: ''
          disable_sql_rewrite: false
          distinct: false
          replica: false
          query_tags: {  }
      relationships: {  }
      header: {  }
      footer: {  }
      display_extenders: {  }
    cache_metadata:
      max-age: -1
      contexts:
        - 'languages:language_content'
        - 'languages:language_interface'
        - 'user.node_grants:view'
      tags:
        - 'config:field.storage.node.body'
        - 'config:field.storage.node.field_accescontent_videotool'
        - 'config:field.storage.node.field_accessconditioncontent_lin'
        - 'config:field.storage.node.field_accessconditioncontent_nam'
        - 'config:field.storage.node.field_accesscontent_logo'
  block_1:
    id: block_1
    display_title: AccessContentViewBlock
    display_plugin: block
    position: 1
    display_options:
      style:
        type: default
        options: {  }
      row:
        type: fields
        options:
          default_field_elements: true
          inline: {  }
          separator: ''
          hide_empty: false
      defaults:
        style: false
        row: false
      display_description: ''
      display_extenders:
        metatag_display_extender:
          metatags: {  }
          tokenize: false
      block_description: AccessContentViewBlock
      block_category: Bloque
    cache_metadata:
      max-age: -1
      contexts:
        - 'languages:language_content'
        - 'languages:language_interface'
        - 'user.node_grants:view'
      tags:
        - 'config:field.storage.node.body'
        - 'config:field.storage.node.field_accescontent_videotool'
        - 'config:field.storage.node.field_accessconditioncontent_lin'
        - 'config:field.storage.node.field_accessconditioncontent_nam'
        - 'config:field.storage.node.field_accesscontent_logo'
